
Microsoft Visual Studio Solution File, Format Version 12.00
# Visual Studio Version 17
VisualStudioVersion = 17.0.31903.59
MinimumVisualStudioVersion = 10.0.40219.1
Project("{2150E333-8FDC-42A3-9474-1A3956D46DE8}") = "src", "src", "{827E0CD3-B72D-47B6-A68D-7590B98EB39B}"
EndProject
Project("{FAE04EC0-301F-11D3-BF4B-00C04F79EFBC}") = "OIG.Assessment.Domain", "src\OIG.Assessment.Domain\OIG.Assessment.Domain.csproj", "{8D4AA8DC-F020-4210-8396-3F6AEA40D884}"
EndProject
Project("{FAE04EC0-301F-11D3-BF4B-00C04F79EFBC}") = "OIG.Assessment.Application", "src\OIG.Assessment.Application\OIG.Assessment.Application.csproj", "{416C925C-2578-4B7B-85F4-A14DAFC68587}"
EndProject
Project("{FAE04EC0-301F-11D3-BF4B-00C04F79EFBC}") = "OIG.Assessment.Infrastructure", "src\OIG.Assessment.Infrastructure\OIG.Assessment.Infrastructure.csproj", "{D0079C5D-3DF2-442C-B926-FF713D1BE2E5}"
EndProject
Project("{FAE04EC0-301F-11D3-BF4B-00C04F79EFBC}") = "OIG.Assessment.Api", "src\OIG.Assessment.Api\OIG.Assessment.Api.csproj", "{57E3BBB3-04FF-421E-A6C1-5BBC831F4A61}"
EndProject
Project("{FAE04EC0-301F-11D3-BF4B-00C04F79EFBC}") = "OIG.Assessment.Blazor", "src\OIG.Assessment.Blazor\OIG.Assessment.Blazor.csproj", "{F634E6AD-1C8C-479D-BFB2-4853C40D9E8D}"
EndProject
Global
	GlobalSection(SolutionConfigurationPlatforms) = preSolution
		Debug|Any CPU = Debug|Any CPU
		Debug|x64 = Debug|x64
		Debug|x86 = Debug|x86
		Release|Any CPU = Release|Any CPU
		Release|x64 = Release|x64
		Release|x86 = Release|x86
	EndGlobalSection
	GlobalSection(ProjectConfigurationPlatforms) = postSolution
		{8D4AA8DC-F020-4210-8396-3F6AEA40D884}.Debug|Any CPU.ActiveCfg = Debug|Any CPU
		{8D4AA8DC-F020-4210-8396-3F6AEA40D884}.Debug|Any CPU.Build.0 = Debug|Any CPU
		{8D4AA8DC-F020-4210-8396-3F6AEA40D884}.Debug|x64.ActiveCfg = Debug|Any CPU
		{8D4AA8DC-F020-4210-8396-3F6AEA40D884}.Debug|x64.Build.0 = Debug|Any CPU
		{8D4AA8DC-F020-4210-8396-3F6AEA40D884}.Debug|x86.ActiveCfg = Debug|Any CPU
		{8D4AA8DC-F020-4210-8396-3F6AEA40D884}.Debug|x86.Build.0 = Debug|Any CPU
		{8D4AA8DC-F020-4210-8396-3F6AEA40D884}.Release|Any CPU.ActiveCfg = Release|Any CPU
		{8D4AA8DC-F020-4210-8396-3F6AEA40D884}.Release|Any CPU.Build.0 = Release|Any CPU
		{8D4AA8DC-F020-4210-8396-3F6AEA40D884}.Release|x64.ActiveCfg = Release|Any CPU
		{8D4AA8DC-F020-4210-8396-3F6AEA40D884}.Release|x64.Build.0 = Release|Any CPU
		{8D4AA8DC-F020-4210-8396-3F6AEA40D884}.Release|x86.ActiveCfg = Release|Any CPU
		{8D4AA8DC-F020-4210-8396-3F6AEA40D884}.Release|x86.Build.0 = Release|Any CPU
		{416C925C-2578-4B7B-85F4-A14DAFC68587}.Debug|Any CPU.ActiveCfg = Debug|Any CPU
		{416C925C-2578-4B7B-85F4-A14DAFC68587}.Debug|Any CPU.Build.0 = Debug|Any CPU
		{416C925C-2578-4B7B-85F4-A14DAFC68587}.Debug|x64.ActiveCfg = Debug|Any CPU
		{416C925C-2578-4B7B-85F4-A14DAFC68587}.Debug|x64.Build.0 = Debug|Any CPU
		{416C925C-2578-4B7B-85F4-A14DAFC68587}.Debug|x86.ActiveCfg = Debug|Any CPU
		{416C925C-2578-4B7B-85F4-A14DAFC68587}.Debug|x86.Build.0 = Debug|Any CPU
		{416C925C-2578-4B7B-85F4-A14DAFC68587}.Release|Any CPU.ActiveCfg = Release|Any CPU
		{416C925C-2578-4B7B-85F4-A14DAFC68587}.Release|Any CPU.Build.0 = Release|Any CPU
		{416C925C-2578-4B7B-85F4-A14DAFC68587}.Release|x64.ActiveCfg = Release|Any CPU
		{416C925C-2578-4B7B-85F4-A14DAFC68587}.Release|x64.Build.0 = Release|Any CPU
		{416C925C-2578-4B7B-85F4-A14DAFC68587}.Release|x86.ActiveCfg = Release|Any CPU
		{416C925C-2578-4B7B-85F4-A14DAFC68587}.Release|x86.Build.0 = Release|Any CPU
		{D0079C5D-3DF2-442C-B926-FF713D1BE2E5}.Debug|Any CPU.ActiveCfg = Debug|Any CPU
		{D0079C5D-3DF2-442C-B926-FF713D1BE2E5}.Debug|Any CPU.Build.0 = Debug|Any CPU
		{D0079C5D-3DF2-442C-B926-FF713D1BE2E5}.Debug|x64.ActiveCfg = Debug|Any CPU
		{D0079C5D-3DF2-442C-B926-FF713D1BE2E5}.Debug|x64.Build.0 = Debug|Any CPU
		{D0079C5D-3DF2-442C-B926-FF713D1BE2E5}.Debug|x86.ActiveCfg = Debug|Any CPU
		{D0079C5D-3DF2-442C-B926-FF713D1BE2E5}.Debug|x86.Build.0 = Debug|Any CPU
		{D0079C5D-3DF2-442C-B926-FF713D1BE2E5}.Release|Any CPU.ActiveCfg = Release|Any CPU
		{D0079C5D-3DF2-442C-B926-FF713D1BE2E5}.Release|Any CPU.Build.0 = Release|Any CPU
		{D0079C5D-3DF2-442C-B926-FF713D1BE2E5}.Release|x64.ActiveCfg = Release|Any CPU
		{D0079C5D-3DF2-442C-B926-FF713D1BE2E5}.Release|x64.Build.0 = Release|Any CPU
		{D0079C5D-3DF2-442C-B926-FF713D1BE2E5}.Release|x86.ActiveCfg = Release|Any CPU
		{D0079C5D-3DF2-442C-B926-FF713D1BE2E5}.Release|x86.Build.0 = Release|Any CPU
		{57E3BBB3-04FF-421E-A6C1-5BBC831F4A61}.Debug|Any CPU.ActiveCfg = Debug|Any CPU
		{57E3BBB3-04FF-421E-A6C1-5BBC831F4A61}.Debug|Any CPU.Build.0 = Debug|Any CPU
		{57E3BBB3-04FF-421E-A6C1-5BBC831F4A61}.Debug|x64.ActiveCfg = Debug|Any CPU
		{57E3BBB3-04FF-421E-A6C1-5BBC831F4A61}.Debug|x64.Build.0 = Debug|Any CPU
		{57E3BBB3-04FF-421E-A6C1-5BBC831F4A61}.Debug|x86.ActiveCfg = Debug|Any CPU
		{57E3BBB3-04FF-421E-A6C1-5BBC831F4A61}.Debug|x86.Build.0 = Debug|Any CPU
		{57E3BBB3-04FF-421E-A6C1-5BBC831F4A61}.Release|Any CPU.ActiveCfg = Release|Any CPU
		{57E3BBB3-04FF-421E-A6C1-5BBC831F4A61}.Release|Any CPU.Build.0 = Release|Any CPU
		{57E3BBB3-04FF-421E-A6C1-5BBC831F4A61}.Release|x64.ActiveCfg = Release|Any CPU
		{57E3BBB3-04FF-421E-A6C1-5BBC831F4A61}.Release|x64.Build.0 = Release|Any CPU
		{57E3BBB3-04FF-421E-A6C1-5BBC831F4A61}.Release|x86.ActiveCfg = Release|Any CPU
		{57E3BBB3-04FF-421E-A6C1-5BBC831F4A61}.Release|x86.Build.0 = Release|Any CPU
		{F634E6AD-1C8C-479D-BFB2-4853C40D9E8D}.Debug|Any CPU.ActiveCfg = Debug|Any CPU
		{F634E6AD-1C8C-479D-BFB2-4853C40D9E8D}.Debug|Any CPU.Build.0 = Debug|Any CPU
		{F634E6AD-1C8C-479D-BFB2-4853C40D9E8D}.Debug|x64.ActiveCfg = Debug|Any CPU
		{F634E6AD-1C8C-479D-BFB2-4853C40D9E8D}.Debug|x64.Build.0 = Debug|Any CPU
		{F634E6AD-1C8C-479D-BFB2-4853C40D9E8D}.Debug|x86.ActiveCfg = Debug|Any CPU
		{F634E6AD-1C8C-479D-BFB2-4853C40D9E8D}.Debug|x86.Build.0 = Debug|Any CPU
		{F634E6AD-1C8C-479D-BFB2-4853C40D9E8D}.Release|Any CPU.ActiveCfg = Release|Any CPU
		{F634E6AD-1C8C-479D-BFB2-4853C40D9E8D}.Release|Any CPU.Build.0 = Release|Any CPU
		{F634E6AD-1C8C-479D-BFB2-4853C40D9E8D}.Release|x64.ActiveCfg = Release|Any CPU
		{F634E6AD-1C8C-479D-BFB2-4853C40D9E8D}.Release|x64.Build.0 = Release|Any CPU
		{F634E6AD-1C8C-479D-BFB2-4853C40D9E8D}.Release|x86.ActiveCfg = Release|Any CPU
		{F634E6AD-1C8C-479D-BFB2-4853C40D9E8D}.Release|x86.Build.0 = Release|Any CPU
	EndGlobalSection
	GlobalSection(SolutionProperties) = preSolution
		HideSolutionNode = FALSE
	EndGlobalSection
	GlobalSection(NestedProjects) = preSolution
		{8D4AA8DC-F020-4210-8396-3F6AEA40D884} = {827E0CD3-B72D-47B6-A68D-7590B98EB39B}
		{416C925C-2578-4B7B-85F4-A14DAFC68587} = {827E0CD3-B72D-47B6-A68D-7590B98EB39B}
		{D0079C5D-3DF2-442C-B926-FF713D1BE2E5} = {827E0CD3-B72D-47B6-A68D-7590B98EB39B}
		{57E3BBB3-04FF-421E-A6C1-5BBC831F4A61} = {827E0CD3-B72D-47B6-A68D-7590B98EB39B}
		{F634E6AD-1C8C-479D-BFB2-4853C40D9E8D} = {827E0CD3-B72D-47B6-A68D-7590B98EB39B}
	EndGlobalSection
EndGlobal
